
Microsoft Visual Studio Solution File, Format Version 12.00
# Visual Studio Version 16
VisualStudioVersion = 16.0.29728.190
MinimumVisualStudioVersion = 10.0.40219.1
Project("{FAE04EC0-301F-11D3-BF4B-00C04F79EFBC}") = "ReproductorMusica-LDE", "ReproductorMusica-LDE\ReproductorMusica-LDE.csproj", "{9C2B3890-674F-40A8-9483-797BD6C4581C}"
EndProject
Global
	GlobalSection(SolutionConfigurationPlatforms) = preSolution
		Debug|Any CPU = Debug|Any CPU
		Release|Any CPU = Release|Any CPU
	EndGlobalSection
	GlobalSection(ProjectConfigurationPlatforms) = postSolution
		{9C2B3890-674F-40A8-9483-797BD6C4581C}.Debug|Any CPU.ActiveCfg = Debug|Any CPU
		{9C2B3890-674F-40A8-9483-797BD6C4581C}.Debug|Any CPU.Build.0 = Debug|Any CPU
		{9C2B3890-674F-40A8-9483-797BD6C4581C}.Release|Any CPU.ActiveCfg = Release|Any CPU
		{9C2B3890-674F-40A8-9483-797BD6C4581C}.Release|Any CPU.Build.0 = Release|Any CPU
	EndGlobalSection
	GlobalSection(SolutionProperties) = preSolution
		HideSolutionNode = FALSE
	EndGlobalSection
	GlobalSection(ExtensibilityGlobals) = postSolution
		SolutionGuid = {EC9A6F94-E10B-4768-A22A-4ADDC989C525}
	EndGlobalSection
EndGlobal
